# This file was autogenerated by Stack.
# You should not edit this file by hand.
# For more information, please see the documentation at:
#   https://docs.haskellstack.org/en/stable/lock_files

packages:
- completed:
    hackage: composite-aeson-writeonly-0.1.0.0@sha256:fdd878f0e0bda81afb3d0f9dd25f09515543a076838e9edbab10d74aa952ff7a,837
    pantry-tree:
      size: 293
      sha256: 4e593cb6bccd41625536ff7def11d9faab9d74d8dafdfb2420006b2db5879538
  original:
    hackage: composite-aeson-writeonly-0.1.0.0
snapshots:
- completed:
    size: 523649
    url: https://raw.githubusercontent.com/commercialhaskell/stackage-snapshots/master/nightly/2020/8/27.yaml
    sha256: 95012648db1b2180e3d7e0a3d44bc2a61b6854028382674724fee7ffa24300c3
  original: nightly-2020-08-27
